
Microsoft Visual Studio Solution File, Format Version 12.00
# Visual Studio 15
VisualStudioVersion = 15.0.27004.2005
MinimumVisualStudioVersion = 10.0.40219.1
Project("{FAE04EC0-301F-11D3-BF4B-00C04F79EFBC}") = "03CustomerForms", "CustomerForms\03CustomerForms.csproj", "{126900F3-473C-42B6-8D2F-32EBFC8F264D}"
EndProject
Project("{FAE04EC0-301F-11D3-BF4B-00C04F79EFBC}") = "02JunkOut", "JunkOut\02JunkOut.csproj", "{659677C8-D9EA-44C4-B3AC-78269F74C93F}"
EndProject
Project("{FAE04EC0-301F-11D3-BF4B-00C04F79EFBC}") = "JunkOutDBModel", "JunkOutDBModel\JunkOutDBModel.csproj", "{5AA18AD4-C367-4CF2-9A50-52D23F9E6448}"
EndProject
Global
	GlobalSection(SolutionConfigurationPlatforms) = preSolution
		Debug|Any CPU = Debug|Any CPU
		Release|Any CPU = Release|Any CPU
	EndGlobalSection
	GlobalSection(ProjectConfigurationPlatforms) = postSolution
		{126900F3-473C-42B6-8D2F-32EBFC8F264D}.Debug|Any CPU.ActiveCfg = Debug|Any CPU
		{126900F3-473C-42B6-8D2F-32EBFC8F264D}.Debug|Any CPU.Build.0 = Debug|Any CPU
		{126900F3-473C-42B6-8D2F-32EBFC8F264D}.Release|Any CPU.ActiveCfg = Release|Any CPU
		{126900F3-473C-42B6-8D2F-32EBFC8F264D}.Release|Any CPU.Build.0 = Release|Any CPU
		{659677C8-D9EA-44C4-B3AC-78269F74C93F}.Debug|Any CPU.ActiveCfg = Debug|Any CPU
		{659677C8-D9EA-44C4-B3AC-78269F74C93F}.Debug|Any CPU.Build.0 = Debug|Any CPU
		{659677C8-D9EA-44C4-B3AC-78269F74C93F}.Release|Any CPU.ActiveCfg = Release|Any CPU
		{659677C8-D9EA-44C4-B3AC-78269F74C93F}.Release|Any CPU.Build.0 = Release|Any CPU
		{5AA18AD4-C367-4CF2-9A50-52D23F9E6448}.Debug|Any CPU.ActiveCfg = Debug|Any CPU
		{5AA18AD4-C367-4CF2-9A50-52D23F9E6448}.Debug|Any CPU.Build.0 = Debug|Any CPU
		{5AA18AD4-C367-4CF2-9A50-52D23F9E6448}.Release|Any CPU.ActiveCfg = Release|Any CPU
		{5AA18AD4-C367-4CF2-9A50-52D23F9E6448}.Release|Any CPU.Build.0 = Release|Any CPU
	EndGlobalSection
	GlobalSection(SolutionProperties) = preSolution
		HideSolutionNode = FALSE
	EndGlobalSection
	GlobalSection(ExtensibilityGlobals) = postSolution
		SolutionGuid = {5B0E6045-2B97-45C7-AB9B-B4FA57F56E41}
	EndGlobalSection
EndGlobal
